{
  "name": "test-amd",
  "version": "1.0.0",
  "lockfileVersion": 3,
  "requires": true,
  "packages": {
    "": {
      "dependencies": {
        "neverthrow": "^7.0.1"
      }
    },
    "node_modules/neverthrow": {
      "version": "7.0.1",
      "resolved": "https://registry.npmjs.org/neverthrow/-/neverthrow-7.0.1.tgz",
      "integrity": "sha512-NY1sD1wZn6dwwzV9/5KZ4wRIpH4xC7ARy3fGmnEi2Pi8CHDTWlp+WSF+if8cudrwuCWGrk2y2BE/dnGh070iuA==",
      "license": "MIT",
      "engines": {
        "node": ">=18"
      }
    }
  }
}
